// !$*UTF8*$!
{
	archiveVersion = 1;
	classes = {
	};
	objectVersion = 55;
	objects = {

/* Begin PBXBuildFile section */
		26754CFB2710F830004F9AAD /* AppDelegate.swift in Sources */ = {isa = PBXBuildFile; fileRef = 26754CFA2710F830004F9AAD /* AppDelegate.swift */; };
		26754CFD2710F830004F9AAD /* SceneDelegate.swift in Sources */ = {isa = PBXBuildFile; fileRef = 26754CFC2710F830004F9AAD /* SceneDelegate.swift */; };
		26754CFF2710F830004F9AAD /* ConversationsViewController.swift in Sources */ = {isa = PBXBuildFile; fileRef = 26754CFE2710F830004F9AAD /* ConversationsViewController.swift */; };
		26754D022710F830004F9AAD /* Main.storyboard in Resources */ = {isa = PBXBuildFile; fileRef = 26754D002710F830004F9AAD /* Main.storyboard */; };
		26754D042710F832004F9AAD /* Assets.xcassets in Resources */ = {isa = PBXBuildFile; fileRef = 26754D032710F832004F9AAD /* Assets.xcassets */; };
		26754D072710F832004F9AAD /* LaunchScreen.storyboard in Resources */ = {isa = PBXBuildFile; fileRef = 26754D052710F832004F9AAD /* LaunchScreen.storyboard */; };
		26754D152710FC8E004F9AAD /* LoginViewController.swift in Sources */ = {isa = PBXBuildFile; fileRef = 26754D142710FC8E004F9AAD /* LoginViewController.swift */; };
		26754D172710FCB0004F9AAD /* RegisterViewController.swift in Sources */ = {isa = PBXBuildFile; fileRef = 26754D162710FCB0004F9AAD /* RegisterViewController.swift */; };
		26754D192710FCDF004F9AAD /* PhotoViewerViewController.swift in Sources */ = {isa = PBXBuildFile; fileRef = 26754D182710FCDF004F9AAD /* PhotoViewerViewController.swift */; };
		26754D1B2710FCF7004F9AAD /* VideoPlayerViewController.swift in Sources */ = {isa = PBXBuildFile; fileRef = 26754D1A2710FCF7004F9AAD /* VideoPlayerViewController.swift */; };
		26754D1D2710FD2C004F9AAD /* NewConversationViewController.swift in Sources */ = {isa = PBXBuildFile; fileRef = 26754D1C2710FD2C004F9AAD /* NewConversationViewController.swift */; };
		26754D1F2710FD4A004F9AAD /* ProfileViewController.swift in Sources */ = {isa = PBXBuildFile; fileRef = 26754D1E2710FD4A004F9AAD /* ProfileViewController.swift */; };
		26754D2227110A40004F9AAD /* Extensions.swift in Sources */ = {isa = PBXBuildFile; fileRef = 26754D2127110A40004F9AAD /* Extensions.swift */; };
/* End PBXBuildFile section */

/* Begin PBXFileReference section */
		26754CF72710F830004F9AAD /* Messenger.app */ = {isa = PBXFileReference; explicitFileType = wrapper.application; includeInIndex = 0; path = Messenger.app; sourceTree = BUILT_PRODUCTS_DIR; };
		26754CFA2710F830004F9AAD /* AppDelegate.swift */ = {isa = PBXFileReference; lastKnownFileType = sourcecode.swift; path = AppDelegate.swift; sourceTree = "<group>"; };
		26754CFC2710F830004F9AAD /* SceneDelegate.swift */ = {isa = PBXFileReference; lastKnownFileType = sourcecode.swift; path = SceneDelegate.swift; sourceTree = "<group>"; };
		26754CFE2710F830004F9AAD /* ConversationsViewController.swift */ = {isa = PBXFileReference; lastKnownFileType = sourcecode.swift; path = ConversationsViewController.swift; sourceTree = "<group>"; };
		26754D012710F830004F9AAD /* Base */ = {isa = PBXFileReference; lastKnownFileType = file.storyboard; name = Base; path = Base.lproj/Main.storyboard; sourceTree = "<group>"; };
		26754D032710F832004F9AAD /* Assets.xcassets */ = {isa = PBXFileReference; lastKnownFileType = folder.assetcatalog; path = Assets.xcassets; sourceTree = "<group>"; };
		26754D062710F832004F9AAD /* Base */ = {isa = PBXFileReference; lastKnownFileType = file.storyboard; name = Base; path = Base.lproj/LaunchScreen.storyboard; sourceTree = "<group>"; };
		26754D082710F832004F9AAD /* Info.plist */ = {isa = PBXFileReference; lastKnownFileType = text.plist.xml; path = Info.plist; sourceTree = "<group>"; };
		26754D142710FC8E004F9AAD /* LoginViewController.swift */ = {isa = PBXFileReference; lastKnownFileType = sourcecode.swift; path = LoginViewController.swift; sourceTree = "<group>"; };
		26754D162710FCB0004F9AAD /* RegisterViewController.swift */ = {isa = PBXFileReference; lastKnownFileType = sourcecode.swift; path = RegisterViewController.swift; sourceTree = "<group>"; };
		26754D182710FCDF004F9AAD /* PhotoViewerViewController.swift */ = {isa = PBXFileReference; lastKnownFileType = sourcecode.swift; path = PhotoViewerViewController.swift; sourceTree = "<group>"; };
		26754D1A2710FCF7004F9AAD /* VideoPlayerViewController.swift */ = {isa = PBXFileReference; lastKnownFileType = sourcecode.swift; path = VideoPlayerViewController.swift; sourceTree = "<group>"; };
		26754D1C2710FD2C004F9AAD /* NewConversationViewController.swift */ = {isa = PBXFileReference; lastKnownFileType = sourcecode.swift; path = NewConversationViewController.swift; sourceTree = "<group>"; };
		26754D1E2710FD4A004F9AAD /* ProfileViewController.swift */ = {isa = PBXFileReference; lastKnownFileType = sourcecode.swift; path = ProfileViewController.swift; sourceTree = "<group>"; };
		26754D2127110A40004F9AAD /* Extensions.swift */ = {isa = PBXFileReference; lastKnownFileType = sourcecode.swift; path = Extensions.swift; sourceTree = "<group>"; };
/* End PBXFileReference section */

/* Begin PBXFrameworksBuildPhase section */
		26754CF42710F830004F9AAD /* Frameworks */ = {
			isa = PBXFrameworksBuildPhase;
			buildActionMask = 2147483647;
			files = (
			);
			runOnlyForDeploymentPostprocessing = 0;
		};
/* End PBXFrameworksBuildPhase section */

/* Begin PBXGroup section */
		26754CEE2710F830004F9AAD = {
			isa = PBXGroup;
			children = (
				26754CF92710F830004F9AAD /* Messenger */,
				26754CF82710F830004F9AAD /* Products */,
			);
			sourceTree = "<group>";
		};
		26754CF82710F830004F9AAD /* Products */ = {
			isa = PBXGroup;
			children = (
				26754CF72710F830004F9AAD /* Messenger.app */,
			);
			name = Products;
			sourceTree = "<group>";
		};
		26754CF92710F830004F9AAD /* Messenger */ = {
			isa = PBXGroup;
			children = (
				26754D122710FA8B004F9AAD /* Resources */,
				26754D112710FA7E004F9AAD /* ViewModels */,
				26754D102710FA72004F9AAD /* Models */,
				26754D0F2710FA66004F9AAD /* Views */,
				26754D0E2710FA5D004F9AAD /* Controllers */,
				26754D082710F832004F9AAD /* Info.plist */,
			);
			path = Messenger;
			sourceTree = "<group>";
		};
		26754D0E2710FA5D004F9AAD /* Controllers */ = {
			isa = PBXGroup;
			children = (
				26754D202710FECE004F9AAD /* Login-Register */,
				26754CFE2710F830004F9AAD /* ConversationsViewController.swift */,
				26754D182710FCDF004F9AAD /* PhotoViewerViewController.swift */,
				26754D1A2710FCF7004F9AAD /* VideoPlayerViewController.swift */,
				26754D1C2710FD2C004F9AAD /* NewConversationViewController.swift */,
				26754D1E2710FD4A004F9AAD /* ProfileViewController.swift */,
			);
			path = Controllers;
			sourceTree = "<group>";
		};
		26754D0F2710FA66004F9AAD /* Views */ = {
			isa = PBXGroup;
			children = (
				26754D132710FAE5004F9AAD /* Storyboards */,
				26754D032710F832004F9AAD /* Assets.xcassets */,
			);
			path = Views;
			sourceTree = "<group>";
		};
		26754D102710FA72004F9AAD /* Models */ = {
			isa = PBXGroup;
			children = (
			);
			path = Models;
			sourceTree = "<group>";
		};
		26754D112710FA7E004F9AAD /* ViewModels */ = {
			isa = PBXGroup;
			children = (
			);
			path = ViewModels;
			sourceTree = "<group>";
		};
		26754D122710FA8B004F9AAD /* Resources */ = {
			isa = PBXGroup;
			children = (
				26754CFA2710F830004F9AAD /* AppDelegate.swift */,
				26754CFC2710F830004F9AAD /* SceneDelegate.swift */,
				26754D2127110A40004F9AAD /* Extensions.swift */,
			);
			path = Resources;
			sourceTree = "<group>";
		};
		26754D132710FAE5004F9AAD /* Storyboards */ = {
			isa = PBXGroup;
			children = (
				26754D002710F830004F9AAD /* Main.storyboard */,
				26754D052710F832004F9AAD /* LaunchScreen.storyboard */,
			);
			path = Storyboards;
			sourceTree = "<group>";
		};
		26754D202710FECE004F9AAD /* Login-Register */ = {
			isa = PBXGroup;
			children = (
				26754D142710FC8E004F9AAD /* LoginViewController.swift */,
				26754D162710FCB0004F9AAD /* RegisterViewController.swift */,
			);
			path = "Login-Register";
			sourceTree = "<group>";
		};
/* End PBXGroup section */

/* Begin PBXNativeTarget section */
		26754CF62710F830004F9AAD /* Messenger */ = {
			isa = PBXNativeTarget;
			buildConfigurationList = 26754D0B2710F832004F9AAD /* Build configuration list for PBXNativeTarget "Messenger" */;
			buildPhases = (
				26754CF32710F830004F9AAD /* Sources */,
				26754CF42710F830004F9AAD /* Frameworks */,
				26754CF52710F830004F9AAD /* Resources */,
			);
			buildRules = (
			);
			dependencies = (
			);
			name = Messenger;
			productName = Messenger;
			productReference = 26754CF72710F830004F9AAD /* Messenger.app */;
			productType = "com.apple.product-type.application";
		};
/* End PBXNativeTarget section */

/* Begin PBXProject section */
		26754CEF2710F830004F9AAD /* Project object */ = {
			isa = PBXProject;
			attributes = {
				BuildIndependentTargetsInParallel = 1;
				LastSwiftUpdateCheck = 1300;
				LastUpgradeCheck = 1300;
				TargetAttributes = {
					26754CF62710F830004F9AAD = {
						CreatedOnToolsVersion = 13.0;
					};
				};
			};
			buildConfigurationList = 26754CF22710F830004F9AAD /* Build configuration list for PBXProject "Messenger" */;
			compatibilityVersion = "Xcode 13.0";
			developmentRegion = en;
			hasScannedForEncodings = 0;
			knownRegions = (
				en,
				Base,
			);
			mainGroup = 26754CEE2710F830004F9AAD;
			productRefGroup = 26754CF82710F830004F9AAD /* Products */;
			projectDirPath = "";
			projectRoot = "";
			targets = (
				26754CF62710F830004F9AAD /* Messenger */,
			);
		};
/* End PBXProject section */

/* Begin PBXResourcesBuildPhase section */
		26754CF52710F830004F9AAD /* Resources */ = {
			isa = PBXResourcesBuildPhase;
			buildActionMask = 2147483647;
			files = (
				26754D072710F832004F9AAD /* LaunchScreen.storyboard in Resources */,
				26754D042710F832004F9AAD /* Assets.xcassets in Resources */,
				26754D022710F830004F9AAD /* Main.storyboard in Resources */,
			);
			runOnlyForDeploymentPostprocessing = 0;
		};
/* End PBXResourcesBuildPhase section */

/* Begin PBXSourcesBuildPhase section */
		26754CF32710F830004F9AAD /* Sources */ = {
			isa = PBXSourcesBuildPhase;
			buildActionMask = 2147483647;
			files = (
				26754D152710FC8E004F9AAD /* LoginViewController.swift in Sources */,
				26754D172710FCB0004F9AAD /* RegisterViewController.swift in Sources */,
				26754D1D2710FD2C004F9AAD /* NewConversationViewController.swift in Sources */,
				26754CFF2710F830004F9AAD /* ConversationsViewController.swift in Sources */,
				26754D1B2710FCF7004F9AAD /* VideoPlayerViewController.swift in Sources */,
				26754D2227110A40004F9AAD /* Extensions.swift in Sources */,
				26754CFB2710F830004F9AAD /* AppDelegate.swift in Sources */,
				26754D1F2710FD4A004F9AAD /* ProfileViewController.swift in Sources */,
				26754CFD2710F830004F9AAD /* SceneDelegate.swift in Sources */,
				26754D192710FCDF004F9AAD /* PhotoViewerViewController.swift in Sources */,
			);
			runOnlyForDeploymentPostprocessing = 0;
		};
/* End PBXSourcesBuildPhase section */

/* Begin PBXVariantGroup section */
		26754D002710F830004F9AAD /* Main.storyboard */ = {
			isa = PBXVariantGroup;
			children = (
				26754D012710F830004F9AAD /* Base */,
			);
			name = Main.storyboard;
			sourceTree = "<group>";
		};
		26754D052710F832004F9AAD /* LaunchScreen.storyboard */ = {
			isa = PBXVariantGroup;
			children = (
				26754D062710F832004F9AAD /* Base */,
			);
			name = LaunchScreen.storyboard;
			sourceTree = "<group>";
		};
/* End PBXVariantGroup section */

/* Begin XCBuildConfiguration section */
		26754D092710F832004F9AAD /* Debug */ = {
			isa = XCBuildConfiguration;
			buildSettings = {
				ALWAYS_SEARCH_USER_PATHS = NO;
				CLANG_ANALYZER_NONNULL = YES;
				CLANG_ANALYZER_NUMBER_OBJECT_CONVERSION = YES_AGGRESSIVE;
				CLANG_CXX_LANGUAGE_STANDARD = "gnu++17";
				CLANG_CXX_LIBRARY = "libc++";
				CLANG_ENABLE_MODULES = YES;
				CLANG_ENABLE_OBJC_ARC = YES;
				CLANG_ENABLE_OBJC_WEAK = YES;
				CLANG_WARN_BLOCK_CAPTURE_AUTORELEASING = YES;
				CLANG_WARN_BOOL_CONVERSION = YES;
				CLANG_WARN_COMMA = YES;
				CLANG_WARN_CONSTANT_CONVERSION = YES;
				CLANG_WARN_DEPRECATED_OBJC_IMPLEMENTATIONS = YES;
				CLANG_WARN_DIRECT_OBJC_ISA_USAGE = YES_ERROR;
				CLANG_WARN_DOCUMENTATION_COMMENTS = YES;
				CLANG_WARN_EMPTY_BODY = YES;
				CLANG_WARN_ENUM_CONVERSION = YES;
				CLANG_WARN_INFINITE_RECURSION = YES;
				CLANG_WARN_INT_CONVERSION = YES;
				CLANG_WARN_NON_LITERAL_NULL_CONVERSION = YES;
				CLANG_WARN_OBJC_IMPLICIT_RETAIN_SELF = YES;
				CLANG_WARN_OBJC_LITERAL_CONVERSION = YES;
				CLANG_WARN_OBJC_ROOT_CLASS = YES_ERROR;
				CLANG_WARN_QUOTED_INCLUDE_IN_FRAMEWORK_HEADER = YES;
				CLANG_WARN_RANGE_LOOP_ANALYSIS = YES;
				CLANG_WARN_STRICT_PROTOTYPES = YES;
				CLANG_WARN_SUSPICIOUS_MOVE = YES;
				CLANG_WARN_UNGUARDED_AVAILABILITY = YES_AGGRESSIVE;
				CLANG_WARN_UNREACHABLE_CODE = YES;
				CLANG_WARN__DUPLICATE_METHOD_MATCH = YES;
				COPY_PHASE_STRIP = NO;
				DEBUG_INFORMATION_FORMAT = dwarf;
				ENABLE_STRICT_OBJC_MSGSEND = YES;
				ENABLE_TESTABILITY = YES;
				GCC_C_LANGUAGE_STANDARD = gnu11;
				GCC_DYNAMIC_NO_PIC = NO;
				GCC_NO_COMMON_BLOCKS = YES;
				GCC_OPTIMIZATION_LEVEL = 0;
				GCC_PREPROCESSOR_DEFINITIONS = (
					"DEBUG=1",
					"$(inherited)",
				);
				GCC_WARN_64_TO_32_BIT_CONVERSION = YES;
				GCC_WARN_ABOUT_RETURN_TYPE = YES_ERROR;
				GCC_WARN_UNDECLARED_SELECTOR = YES;
				GCC_WARN_UNINITIALIZED_AUTOS = YES_AGGRESSIVE;
				GCC_WARN_UNUSED_FUNCTION = YES;
				GCC_WARN_UNUSED_VARIABLE = YES;
				IPHONEOS_DEPLOYMENT_TARGET = 15.0;
				MTL_ENABLE_DEBUG_INFO = INCLUDE_SOURCE;
				MTL_FAST_MATH = YES;
				ONLY_ACTIVE_ARCH = YES;
				SDKROOT = iphoneos;
				SWIFT_ACTIVE_COMPILATION_CONDITIONS = DEBUG;
				SWIFT_OPTIMIZATION_LEVEL = "-Onone";
			};
			name = Debug;
		};
		26754D0A2710F832004F9AAD /* Release */ = {
			isa = XCBuildConfiguration;
			buildSettings = {
				ALWAYS_SEARCH_USER_PATHS = NO;
				CLANG_ANALYZER_NONNULL = YES;
				CLANG_ANALYZER_NUMBER_OBJECT_CONVERSION = YES_AGGRESSIVE;
				CLANG_CXX_LANGUAGE_STANDARD = "gnu++17";
				CLANG_CXX_LIBRARY = "libc++";
				CLANG_ENABLE_MODULES = YES;
				CLANG_ENABLE_OBJC_ARC = YES;
				CLANG_ENABLE_OBJC_WEAK = YES;
				CLANG_WARN_BLOCK_CAPTURE_AUTORELEASING = YES;
				CLANG_WARN_BOOL_CONVERSION = YES;
				CLANG_WARN_COMMA = YES;
				CLANG_WARN_CONSTANT_CONVERSION = YES;
				CLANG_WARN_DEPRECATED_OBJC_IMPLEMENTATIONS = YES;
				CLANG_WARN_DIRECT_OBJC_ISA_USAGE = YES_ERROR;
				CLANG_WARN_DOCUMENTATION_COMMENTS = YES;
				CLANG_WARN_EMPTY_BODY = YES;
				CLANG_WARN_ENUM_CONVERSION = YES;
				CLANG_WARN_INFINITE_RECURSION = YES;
				CLANG_WARN_INT_CONVERSION = YES;
				CLANG_WARN_NON_LITERAL_NULL_CONVERSION = YES;
				CLANG_WARN_OBJC_IMPLICIT_RETAIN_SELF = YES;
				CLANG_WARN_OBJC_LITERAL_CONVERSION = YES;
				CLANG_WARN_OBJC_ROOT_CLASS = YES_ERROR;
				CLANG_WARN_QUOTED_INCLUDE_IN_FRAMEWORK_HEADER = YES;
				CLANG_WARN_RANGE_LOOP_ANALYSIS = YES;
				CLANG_WARN_STRICT_PROTOTYPES = YES;
				CLANG_WARN_SUSPICIOUS_MOVE = YES;
				CLANG_WARN_UNGUARDED_AVAILABILITY = YES_AGGRESSIVE;
				CLANG_WARN_UNREACHABLE_CODE = YES;
				CLANG_WARN__DUPLICATE_METHOD_MATCH = YES;
				COPY_PHASE_STRIP = NO;
				DEBUG_INFORMATION_FORMAT = "dwarf-with-dsym";
				ENABLE_NS_ASSERTIONS = NO;
				ENABLE_STRICT_OBJC_MSGSEND = YES;
				GCC_C_LANGUAGE_STANDARD = gnu11;
				GCC_NO_COMMON_BLOCKS = YES;
				GCC_WARN_64_TO_32_BIT_CONVERSION = YES;
				GCC_WARN_ABOUT_RETURN_TYPE = YES_ERROR;
				GCC_WARN_UNDECLARED_SELECTOR = YES;
				GCC_WARN_UNINITIALIZED_AUTOS = YES_AGGRESSIVE;
				GCC_WARN_UNUSED_FUNCTION = YES;
				GCC_WARN_UNUSED_VARIABLE = YES;
				IPHONEOS_DEPLOYMENT_TARGET = 15.0;
				MTL_ENABLE_DEBUG_INFO = NO;
				MTL_FAST_MATH = YES;
				SDKROOT = iphoneos;
				SWIFT_COMPILATION_MODE = wholemodule;
				SWIFT_OPTIMIZATION_LEVEL = "-O";
				VALIDATE_PRODUCT = YES;
			};
			name = Release;
		};
		26754D0C2710F832004F9AAD /* Debug */ = {
			isa = XCBuildConfiguration;
			buildSettings = {
				ASSETCATALOG_COMPILER_APPICON_NAME = AppIcon;
				ASSETCATALOG_COMPILER_GLOBAL_ACCENT_COLOR_NAME = AccentColor;
				CODE_SIGN_STYLE = Automatic;
				CURRENT_PROJECT_VERSION = 1;
				GENERATE_INFOPLIST_FILE = YES;
				INFOPLIST_FILE = Messenger/Info.plist;
				INFOPLIST_KEY_UIApplicationSupportsIndirectInputEvents = YES;
				INFOPLIST_KEY_UILaunchStoryboardName = LaunchScreen;
				INFOPLIST_KEY_UIMainStoryboardFile = Main;
				INFOPLIST_KEY_UISupportedInterfaceOrientations = UIInterfaceOrientationPortrait;
				INFOPLIST_KEY_UISupportedInterfaceOrientations_iPad = "UIInterfaceOrientationPortrait UIInterfaceOrientationPortraitUpsideDown UIInterfaceOrientationLandscapeLeft UIInterfaceOrientationLandscapeRight";
				INFOPLIST_KEY_UISupportedInterfaceOrientations_iPhone = "UIInterfaceOrientationPortrait UIInterfaceOrientationLandscapeLeft UIInterfaceOrientationLandscapeRight";
				LD_RUNPATH_SEARCH_PATHS = (
					"$(inherited)",
					"@executable_path/Frameworks",
				);
				MARKETING_VERSION = 1.0;
				PRODUCT_BUNDLE_IDENTIFIER = com.iCoderHub.Messenger;
				PRODUCT_NAME = "$(TARGET_NAME)";
				SWIFT_EMIT_LOC_STRINGS = YES;
				SWIFT_VERSION = 5.0;
				TARGETED_DEVICE_FAMILY = "1,2";
			};
			name = Debug;
		};
		26754D0D2710F832004F9AAD /* Release */ = {
			isa = XCBuildConfiguration;
			buildSettings = {
				ASSETCATALOG_COMPILER_APPICON_NAME = AppIcon;
				ASSETCATALOG_COMPILER_GLOBAL_ACCENT_COLOR_NAME = AccentColor;
				CODE_SIGN_STYLE = Automatic;
				CURRENT_PROJECT_VERSION = 1;
				GENERATE_INFOPLIST_FILE = YES;
				INFOPLIST_FILE = Messenger/Info.plist;
				INFOPLIST_KEY_UIApplicationSupportsIndirectInputEvents = YES;
				INFOPLIST_KEY_UILaunchStoryboardName = LaunchScreen;
				INFOPLIST_KEY_UIMainStoryboardFile = Main;
				INFOPLIST_KEY_UISupportedInterfaceOrientations = UIInterfaceOrientationPortrait;
				INFOPLIST_KEY_UISupportedInterfaceOrientations_iPad = "UIInterfaceOrientationPortrait UIInterfaceOrientationPortraitUpsideDown UIInterfaceOrientationLandscapeLeft UIInterfaceOrientationLandscapeRight";
				INFOPLIST_KEY_UISupportedInterfaceOrientations_iPhone = "UIInterfaceOrientationPortrait UIInterfaceOrientationLandscapeLeft UIInterfaceOrientationLandscapeRight";
				LD_RUNPATH_SEARCH_PATHS = (
					"$(inherited)",
					"@executable_path/Frameworks",
				);
				MARKETING_VERSION = 1.0;
				PRODUCT_BUNDLE_IDENTIFIER = com.iCoderHub.Messenger;
				PRODUCT_NAME = "$(TARGET_NAME)";
				SWIFT_EMIT_LOC_STRINGS = YES;
				SWIFT_VERSION = 5.0;
				TARGETED_DEVICE_FAMILY = "1,2";
			};
			name = Release;
		};
/* End XCBuildConfiguration section */

/* Begin XCConfigurationList section */
		26754CF22710F830004F9AAD /* Build configuration list for PBXProject "Messenger" */ = {
			isa = XCConfigurationList;
			buildConfigurations = (
				26754D092710F832004F9AAD /* Debug */,
				26754D0A2710F832004F9AAD /* Release */,
			);
			defaultConfigurationIsVisible = 0;
			defaultConfigurationName = Release;
		};
		26754D0B2710F832004F9AAD /* Build configuration list for PBXNativeTarget "Messenger" */ = {
			isa = XCConfigurationList;
			buildConfigurations = (
				26754D0C2710F832004F9AAD /* Debug */,
				26754D0D2710F832004F9AAD /* Release */,
			);
			defaultConfigurationIsVisible = 0;
			defaultConfigurationName = Release;
		};
/* End XCConfigurationList section */
	};
	rootObject = 26754CEF2710F830004F9AAD /* Project object */;
}
